
Microsoft Visual Studio Solution File, Format Version 12.00
# Visual Studio Version 17
VisualStudioVersion = 17.8.34309.116
MinimumVisualStudioVersion = 10.0.40219.1
Project("{FAE04EC0-301F-11D3-BF4B-00C04F79EFBC}") = "Backend", "Backend\Backend.csproj", "{F5213F88-CBCE-41A9-8DFD-B5F57BECCEDF}"
EndProject
Global
	GlobalSection(SolutionConfigurationPlatforms) = preSolution
		Debug|Any CPU = Debug|Any CPU
		Release|Any CPU = Release|Any CPU
	EndGlobalSection
	GlobalSection(ProjectConfigurationPlatforms) = postSolution
		{F5213F88-CBCE-41A9-8DFD-B5F57BECCEDF}.Debug|Any CPU.ActiveCfg = Debug|Any CPU
		{F5213F88-CBCE-41A9-8DFD-B5F57BECCEDF}.Debug|Any CPU.Build.0 = Debug|Any CPU
		{F5213F88-CBCE-41A9-8DFD-B5F57BECCEDF}.Release|Any CPU.ActiveCfg = Release|Any CPU
		{F5213F88-CBCE-41A9-8DFD-B5F57BECCEDF}.Release|Any CPU.Build.0 = Release|Any CPU
	EndGlobalSection
	GlobalSection(SolutionProperties) = preSolution
		HideSolutionNode = FALSE
	EndGlobalSection
	GlobalSection(ExtensibilityGlobals) = postSolution
		SolutionGuid = {64CB0C77-C10F-4183-A558-885B2C7BA760}
	EndGlobalSection
EndGlobal
